schema: '2.0'
stages:
  train:
    cmd: python src/train.py --multirun hparam=xray_vit_hparam +trainer.log_every_n_steps=1
      hydra.sweeper.n_jobs=2
    deps:
    - path: configs/experiment/xray_ex.yaml
      hash: md5
      md5: e92c1b6ccf2c9df6309f978ceac15a98
      size: 1352
    - path: src/train.py
      hash: md5
      md5: 3ebee6736c3b7531742ac21c90a5222f
      size: 4124
    outs:
    - path: logs
      hash: md5
      md5: 7a4d6b567918131529618a0cd43a879b.dir
      size: 665841
      nfiles: 1114
